
Microsoft Visual Studio Solution File, Format Version 12.00
# Visual Studio 15
VisualStudioVersion = 15.0.27703.2042
MinimumVisualStudioVersion = 10.0.40219.1
Project("{FAE04EC0-301F-11D3-BF4B-00C04F79EFBC}") = "ReportorConsole", "ReportorConsole\ReportorConsole.csproj", "{4AFF7AD8-34C5-4A45-8A5C-1BC9628A4AAC}"
EndProject
Project("{FAE04EC0-301F-11D3-BF4B-00C04F79EFBC}") = "CPR.Core", "CPR.Core\CPR.Core.csproj", "{B9B52B29-2764-4CBC-8D79-503167875007}"
EndProject
Project("{FAE04EC0-301F-11D3-BF4B-00C04F79EFBC}") = "CPR.IO", "CPR.IO\CPR.IO.csproj", "{E1A2B362-C546-4FAE-839A-567A1AEF2CC2}"
EndProject
Project("{FAE04EC0-301F-11D3-BF4B-00C04F79EFBC}") = "CPR.Business", "CPR.Business\CPR.Business.csproj", "{192803B3-5721-4401-96F4-66785C862955}"
EndProject
Project("{FAE04EC0-301F-11D3-BF4B-00C04F79EFBC}") = "CPR.Bussiness.UnitTests", "CPR.Bussiness.UnitTests\CPR.Bussiness.UnitTests.csproj", "{8401AEE9-5D3D-4B4F-8009-190217B1A152}"
EndProject
Global
	GlobalSection(SolutionConfigurationPlatforms) = preSolution
		Debug|Any CPU = Debug|Any CPU
		Release|Any CPU = Release|Any CPU
	EndGlobalSection
	GlobalSection(ProjectConfigurationPlatforms) = postSolution
		{4AFF7AD8-34C5-4A45-8A5C-1BC9628A4AAC}.Debug|Any CPU.ActiveCfg = Debug|Any CPU
		{4AFF7AD8-34C5-4A45-8A5C-1BC9628A4AAC}.Debug|Any CPU.Build.0 = Debug|Any CPU
		{4AFF7AD8-34C5-4A45-8A5C-1BC9628A4AAC}.Release|Any CPU.ActiveCfg = Release|Any CPU
		{4AFF7AD8-34C5-4A45-8A5C-1BC9628A4AAC}.Release|Any CPU.Build.0 = Release|Any CPU
		{B9B52B29-2764-4CBC-8D79-503167875007}.Debug|Any CPU.ActiveCfg = Debug|Any CPU
		{B9B52B29-2764-4CBC-8D79-503167875007}.Debug|Any CPU.Build.0 = Debug|Any CPU
		{B9B52B29-2764-4CBC-8D79-503167875007}.Release|Any CPU.ActiveCfg = Release|Any CPU
		{B9B52B29-2764-4CBC-8D79-503167875007}.Release|Any CPU.Build.0 = Release|Any CPU
		{E1A2B362-C546-4FAE-839A-567A1AEF2CC2}.Debug|Any CPU.ActiveCfg = Debug|Any CPU
		{E1A2B362-C546-4FAE-839A-567A1AEF2CC2}.Debug|Any CPU.Build.0 = Debug|Any CPU
		{E1A2B362-C546-4FAE-839A-567A1AEF2CC2}.Release|Any CPU.ActiveCfg = Release|Any CPU
		{E1A2B362-C546-4FAE-839A-567A1AEF2CC2}.Release|Any CPU.Build.0 = Release|Any CPU
		{192803B3-5721-4401-96F4-66785C862955}.Debug|Any CPU.ActiveCfg = Debug|Any CPU
		{192803B3-5721-4401-96F4-66785C862955}.Debug|Any CPU.Build.0 = Debug|Any CPU
		{192803B3-5721-4401-96F4-66785C862955}.Release|Any CPU.ActiveCfg = Release|Any CPU
		{192803B3-5721-4401-96F4-66785C862955}.Release|Any CPU.Build.0 = Release|Any CPU
		{8401AEE9-5D3D-4B4F-8009-190217B1A152}.Debug|Any CPU.ActiveCfg = Debug|Any CPU
		{8401AEE9-5D3D-4B4F-8009-190217B1A152}.Debug|Any CPU.Build.0 = Debug|Any CPU
		{8401AEE9-5D3D-4B4F-8009-190217B1A152}.Release|Any CPU.ActiveCfg = Release|Any CPU
		{8401AEE9-5D3D-4B4F-8009-190217B1A152}.Release|Any CPU.Build.0 = Release|Any CPU
	EndGlobalSection
	GlobalSection(SolutionProperties) = preSolution
		HideSolutionNode = FALSE
	EndGlobalSection
	GlobalSection(ExtensibilityGlobals) = postSolution
		SolutionGuid = {085F6D86-E713-4CF5-9B3F-E328BB3FDE64}
	EndGlobalSection
EndGlobal
